
Microsoft Visual Studio Solution File, Format Version 12.00
# Visual Studio Version 17
VisualStudioVersion = 17.5.002.0
MinimumVisualStudioVersion = 10.0.40219.1
Project("{9A19103F-16F7-4668-BE54-9A1E7A4F7556}") = "AddNumbersApp", "AddNumbersApp\AddNumbersApp.csproj", "{5CADAED8-F7F5-4AB1-B4E0-105A05E0F99F}"
EndProject
Project("{9A19103F-16F7-4668-BE54-9A1E7A4F7556}") = "AddNumbersApp.Tests", "AddNumbersApp.Tests\AddNumbersApp.Tests.csproj", "{C3DA2DDC-362D-4AE7-8C90-3FB82F2A6BAE}"
EndProject
Global
	GlobalSection(SolutionConfigurationPlatforms) = preSolution
		Debug|Any CPU = Debug|Any CPU
		Release|Any CPU = Release|Any CPU
	EndGlobalSection
	GlobalSection(ProjectConfigurationPlatforms) = postSolution
		{5CADAED8-F7F5-4AB1-B4E0-105A05E0F99F}.Debug|Any CPU.ActiveCfg = Debug|Any CPU
		{5CADAED8-F7F5-4AB1-B4E0-105A05E0F99F}.Debug|Any CPU.Build.0 = Debug|Any CPU
		{5CADAED8-F7F5-4AB1-B4E0-105A05E0F99F}.Release|Any CPU.ActiveCfg = Release|Any CPU
		{5CADAED8-F7F5-4AB1-B4E0-105A05E0F99F}.Release|Any CPU.Build.0 = Release|Any CPU
		{C3DA2DDC-362D-4AE7-8C90-3FB82F2A6BAE}.Debug|Any CPU.ActiveCfg = Debug|Any CPU
		{C3DA2DDC-362D-4AE7-8C90-3FB82F2A6BAE}.Debug|Any CPU.Build.0 = Debug|Any CPU
		{C3DA2DDC-362D-4AE7-8C90-3FB82F2A6BAE}.Release|Any CPU.ActiveCfg = Release|Any CPU
		{C3DA2DDC-362D-4AE7-8C90-3FB82F2A6BAE}.Release|Any CPU.Build.0 = Release|Any CPU
	EndGlobalSection
	GlobalSection(SolutionProperties) = preSolution
		HideSolutionNode = FALSE
	EndGlobalSection
	GlobalSection(ExtensibilityGlobals) = postSolution
		SolutionGuid = {6CFC9926-0FAB-4B24-8EAE-BF42855B98EA}
	EndGlobalSection
EndGlobal
